
Microsoft Visual Studio Solution File, Format Version 12.00
# Visual Studio Version 17
VisualStudioVersion = 17.14.36121.58
MinimumVisualStudioVersion = 10.0.40219.1
Project("{FAE04EC0-301F-11D3-BF4B-00C04F79EFBC}") = "Restaurant", "Restaurant\Restaurant.csproj", "{AD0E08DD-E270-4251-ABCF-9CA9FEABFE5A}"
EndProject
Project("{FAE04EC0-301F-11D3-BF4B-00C04F79EFBC}") = "Refactoring101", "Refactoring101\Refactoring101.csproj", "{AB75B544-8906-447A-B2BB-100004F79F98}"
EndProject
Global
	GlobalSection(SolutionConfigurationPlatforms) = preSolution
		Debug|Any CPU = Debug|Any CPU
		Release|Any CPU = Release|Any CPU
	EndGlobalSection
	GlobalSection(ProjectConfigurationPlatforms) = postSolution
		{AD0E08DD-E270-4251-ABCF-9CA9FEABFE5A}.Debug|Any CPU.ActiveCfg = Debug|Any CPU
		{AD0E08DD-E270-4251-ABCF-9CA9FEABFE5A}.Debug|Any CPU.Build.0 = Debug|Any CPU
		{AD0E08DD-E270-4251-ABCF-9CA9FEABFE5A}.Release|Any CPU.ActiveCfg = Release|Any CPU
		{AD0E08DD-E270-4251-ABCF-9CA9FEABFE5A}.Release|Any CPU.Build.0 = Release|Any CPU
		{AB75B544-8906-447A-B2BB-100004F79F98}.Debug|Any CPU.ActiveCfg = Debug|Any CPU
		{AB75B544-8906-447A-B2BB-100004F79F98}.Debug|Any CPU.Build.0 = Debug|Any CPU
		{AB75B544-8906-447A-B2BB-100004F79F98}.Release|Any CPU.ActiveCfg = Release|Any CPU
		{AB75B544-8906-447A-B2BB-100004F79F98}.Release|Any CPU.Build.0 = Release|Any CPU
	EndGlobalSection
	GlobalSection(SolutionProperties) = preSolution
		HideSolutionNode = FALSE
	EndGlobalSection
	GlobalSection(ExtensibilityGlobals) = postSolution
		SolutionGuid = {AD482DB6-ABFD-4691-9AE7-ECE129D6992B}
	EndGlobalSection
EndGlobal
