
Microsoft Visual Studio Solution File, Format Version 12.00
# Visual Studio Version 17
VisualStudioVersion = 17.14.37111.16 d17.14
MinimumVisualStudioVersion = 10.0.40219.1
Project("{FAE04EC0-301F-11D3-BF4B-00C04F79EFBC}") = "ASPRestTest1", "ASPRestTest1\ASPRestTest1.csproj", "{B06B2968-B63D-4FE0-A546-D8D878B6A510}"
EndProject
Global
	GlobalSection(SolutionConfigurationPlatforms) = preSolution
		Debug|Any CPU = Debug|Any CPU
		Release|Any CPU = Release|Any CPU
	EndGlobalSection
	GlobalSection(ProjectConfigurationPlatforms) = postSolution
		{B06B2968-B63D-4FE0-A546-D8D878B6A510}.Debug|Any CPU.ActiveCfg = Debug|Any CPU
		{B06B2968-B63D-4FE0-A546-D8D878B6A510}.Debug|Any CPU.Build.0 = Debug|Any CPU
		{B06B2968-B63D-4FE0-A546-D8D878B6A510}.Release|Any CPU.ActiveCfg = Release|Any CPU
		{B06B2968-B63D-4FE0-A546-D8D878B6A510}.Release|Any CPU.Build.0 = Release|Any CPU
	EndGlobalSection
	GlobalSection(SolutionProperties) = preSolution
		HideSolutionNode = FALSE
	EndGlobalSection
	GlobalSection(ExtensibilityGlobals) = postSolution
		SolutionGuid = {6535B225-5920-48BA-9B33-A6628566B03C}
	EndGlobalSection
EndGlobal
